{
  "nodes": {
    "catppuccin": {
      "inputs": {
        "nixpkgs": [
          "nixpkgs"
        ]
      },
      "locked": {
        "lastModified": 1757320803,
        "narHash": "sha256-7PUIQOMQSJLkNtV42SAYUDw0mRdbBNl6q8pLN8GViwM=",
        "owner": "catppuccin",
        "repo": "nix",
        "rev": "d75e3fe67f49728cb5035bc791f4b9065ff3a2c9",
        "type": "github"
      },
      "original": {
        "owner": "catppuccin",
        "repo": "nix",
        "type": "github"
      }
    },
    "flake-compat": {
      "flake": false,
      "locked": {
        "lastModified": 1751685974,
        "narHash": "sha256-NKw96t+BgHIYzHUjkTK95FqYRVKB8DHpVhefWSz/kTw=",
        "ref": "refs/heads/main",
        "rev": "549f2762aebeff29a2e5ece7a7dc0f955281a1d1",
        "revCount": 92,
        "type": "git",
        "url": "https://git.lix.systems/lix-project/flake-compat.git"
      },
      "original": {
        "type": "git",
        "url": "https://git.lix.systems/lix-project/flake-compat.git"
      }
    },
    "flake-compat_2": {
      "flake": false,
      "locked": {
        "lastModified": 1747046372,
        "narHash": "sha256-CIVLLkVgvHYbgI2UpXvIIBJ12HWgX+fjA8Xf8PUmqCY=",
        "owner": "edolstra",
        "repo": "flake-compat",
        "rev": "9100a0f413b0c601e0533d1d94ffd501ce2e7885",
        "type": "github"
      },
      "original": {
        "owner": "edolstra",
        "repo": "flake-compat",
        "type": "github"
      }
    },
    "flake-parts": {
      "inputs": {
        "nixpkgs-lib": [
          "nvf",
          "nixpkgs"
        ]
      },
      "locked": {
        "lastModified": 1756770412,
        "narHash": "sha256-+uWLQZccFHwqpGqr2Yt5VsW/PbeJVTn9Dk6SHWhNRPw=",
        "owner": "hercules-ci",
        "repo": "flake-parts",
        "rev": "4524271976b625a4a605beefd893f270620fd751",
        "type": "github"
      },
      "original": {
        "owner": "hercules-ci",
        "repo": "flake-parts",
        "type": "github"
      }
    },
    "gitignore": {
      "inputs": {
        "nixpkgs": [
          "pre-commit-hooks",
          "nixpkgs"
        ]
      },
      "locked": {
        "lastModified": 1709087332,
        "narHash": "sha256-HG2cCnktfHsKV0s4XW83gU3F57gaTljL9KNSuG6bnQs=",
        "owner": "hercules-ci",
        "repo": "gitignore.nix",
        "rev": "637db329424fd7e46cf4185293b9cc8c88c95394",
        "type": "github"
      },
      "original": {
        "owner": "hercules-ci",
        "repo": "gitignore.nix",
        "type": "github"
      }
    },
    "home-manager": {
      "inputs": {
        "nixpkgs": [
          "nixpkgs"
        ]
      },
      "locked": {
        "lastModified": 1757784838,
        "narHash": "sha256-6aHo1++bAFdW1z+0tfuxM9EmxHvon90mHo8/+izXMcY=",
        "owner": "nix-community",
        "repo": "home-manager",
        "rev": "6e28513cf2ee9a985c339fcef24d44f43d23456b",
        "type": "github"
      },
      "original": {
        "owner": "nix-community",
        "repo": "home-manager",
        "type": "github"
      }
    },
    "mnw": {
      "locked": {
        "lastModified": 1756659871,
        "narHash": "sha256-v6Rh4aQ6RKjM2N02kK9Usn0Ix7+OY66vNpeklc1MnGE=",
        "owner": "Gerg-L",
        "repo": "mnw",
        "rev": "ed6cc3e48557ba18266e598a5ebb6602499ada16",
        "type": "github"
      },
      "original": {
        "owner": "Gerg-L",
        "repo": "mnw",
        "type": "github"
      }
    },
    "nix-flatpak": {
      "locked": {
        "lastModified": 1739444422,
        "narHash": "sha256-iAVVHi7X3kWORftY+LVbRiStRnQEob2TULWyjMS6dWg=",
        "owner": "gmodena",
        "repo": "nix-flatpak",
        "rev": "5e54c3ca05a7c7d968ae1ddeabe01d2a9bc1e177",
        "type": "github"
      },
      "original": {
        "owner": "gmodena",
        "ref": "latest",
        "repo": "nix-flatpak",
        "type": "github"
      }
    },
    "nix-index-database": {
      "inputs": {
        "nixpkgs": [
          "nixpkgs"
        ]
      },
      "locked": {
        "lastModified": 1757218147,
        "narHash": "sha256-IwOwN70HvoBNB2ckaROxcaCvj5NudNc52taPsv5wtLk=",
        "owner": "nix-community",
        "repo": "nix-index-database",
        "rev": "9b144dc3ef6e42b888c4190e02746aab13b0e97f",
        "type": "github"
      },
      "original": {
        "owner": "nix-community",
        "repo": "nix-index-database",
        "type": "github"
      }
    },
    "nixos-hardware": {
      "locked": {
        "lastModified": 1757775351,
        "narHash": "sha256-xWsxmNHwt9jV/yFJqzsNeilpH4BR8MPe44Yt0eaGAIM=",
        "owner": "NixOS",
        "repo": "nixos-hardware",
        "rev": "f89c620d3d6e584d98280b48f0af7be4f8506ab5",
        "type": "github"
      },
      "original": {
        "owner": "NixOS",
        "repo": "nixos-hardware",
        "type": "github"
      }
    },
    "nixpkgs": {
      "locked": {
        "lastModified": 1757487488,
        "narHash": "sha256-zwE/e7CuPJUWKdvvTCB7iunV4E/+G0lKfv4kk/5Izdg=",
        "owner": "NixOS",
        "repo": "nixpkgs",
        "rev": "ab0f3607a6c7486ea22229b92ed2d355f1482ee0",
        "type": "github"
      },
      "original": {
        "owner": "NixOS",
        "ref": "nixos-unstable",
        "repo": "nixpkgs",
        "type": "github"
      }
    },
    "nvf": {
      "inputs": {
        "flake-compat": "flake-compat",
        "flake-parts": "flake-parts",
        "mnw": "mnw",
        "nixpkgs": [
          "nixpkgs"
        ],
        "systems": "systems"
      },
      "locked": {
        "lastModified": 1757773905,
        "narHash": "sha256-lM1K3cJsPQyiSGI3rE/F7u02fA/JYBsinMN49IQCY1s=",
        "owner": "notashelf",
        "repo": "nvf",
        "rev": "7e74ee604a7c18dda21e6a809720ad37ab5bae43",
        "type": "github"
      },
      "original": {
        "owner": "notashelf",
        "repo": "nvf",
        "type": "github"
      }
    },
    "pre-commit-hooks": {
      "inputs": {
        "flake-compat": "flake-compat_2",
        "gitignore": "gitignore",
        "nixpkgs": [
          "nixpkgs"
        ]
      },
      "locked": {
        "lastModified": 1757588530,
        "narHash": "sha256-tJ7A8mID3ct69n9WCvZ3PzIIl3rXTdptn/lZmqSS95U=",
        "owner": "cachix",
        "repo": "git-hooks.nix",
        "rev": "b084b2c2b6bc23e83bbfe583b03664eb0b18c411",
        "type": "github"
      },
      "original": {
        "owner": "cachix",
        "repo": "git-hooks.nix",
        "type": "github"
      }
    },
    "root": {
      "inputs": {
        "catppuccin": "catppuccin",
        "home-manager": "home-manager",
        "nix-flatpak": "nix-flatpak",
        "nix-index-database": "nix-index-database",
        "nixos-hardware": "nixos-hardware",
        "nixpkgs": "nixpkgs",
        "nvf": "nvf",
        "pre-commit-hooks": "pre-commit-hooks",
        "sops-nix": "sops-nix"
      }
    },
    "sops-nix": {
      "inputs": {
        "nixpkgs": [
          "nixpkgs"
        ]
      },
      "locked": {
        "lastModified": 1757503115,
        "narHash": "sha256-S9F6bHUBh+CFEUalv/qxNImRapCxvSnOzWBUZgK1zDU=",
        "owner": "Mic92",
        "repo": "sops-nix",
        "rev": "0bf793823386187dff101ee2a9d4ed26de8bbf8c",
        "type": "github"
      },
      "original": {
        "owner": "Mic92",
        "repo": "sops-nix",
        "type": "github"
      }
    },
    "systems": {
      "locked": {
        "lastModified": 1681028828,
        "narHash": "sha256-Vy1rq5AaRuLzOxct8nz4T6wlgyUR7zLU309k9mBC768=",
        "owner": "nix-systems",
        "repo": "default",
        "rev": "da67096a3b9bf56a91d16901293e51ba5b49a27e",
        "type": "github"
      },
      "original": {
        "owner": "nix-systems",
        "repo": "default",
        "type": "github"
      }
    }
  },
  "root": "root",
  "version": 7
}
